<?xml version="1.0" encoding="utf-8"?>
<Project ToolsVersion="4.0" xmlns="http://schemas.microsoft.com/developer/msbuild/2003">
  <ItemGroup>
    <Filter Include="소스 파일">
      <UniqueIdentifier>{4FC737F1-C7A5-4376-A066-2A32D752A2FF}</UniqueIdentifier>
      <Extensions>cpp;c;cc;cxx;c++;cppm;ixx;def;odl;idl;hpj;bat;asm;asmx</Extensions>
    </Filter>
    <Filter Include="헤더 파일">
      <UniqueIdentifier>{93995380-89BD-4b04-88EB-625FBE52EBFB}</UniqueIdentifier>
      <Extensions>h;hh;hpp;hxx;h++;hm;inl;inc;ipp;xsd</Extensions>
    </Filter>
    <Filter Include="리소스 파일">
      <UniqueIdentifier>{67DA6AB6-F800-4c08-8B7A-83BB121AAD01}</UniqueIdentifier>
      <Extensions>rc;ico;cur;bmp;dlg;rc2;rct;bin;rgs;gif;jpg;jpeg;jpe;resx;tiff;tif;png;wav;mfcribbon-ms</Extensions>
    </Filter>
    <Filter Include="소스 파일\Scene">
      <UniqueIdentifier>{23c250ed-b491-47fb-ab89-196fa65db436}</UniqueIdentifier>
    </Filter>
    <Filter Include="test">
      <UniqueIdentifier>{73047b91-7aa2-4e11-9718-fd460d6e3800}</UniqueIdentifier>
    </Filter>
    <Filter Include="소스 파일\Scene\Object">
      <UniqueIdentifier>{fbf63608-a667-4c41-b441-b9a4bebde070}</UniqueIdentifier>
    </Filter>
    <Filter Include="소스 파일\Scene\Agent">
      <UniqueIdentifier>{6222920f-f52d-496d-b0c7-e7e47f00d753}</UniqueIdentifier>
    </Filter>
    <Filter Include="소스 파일\Core">
      <UniqueIdentifier>{1d0a63ea-6a31-4441-8e17-ae33123d858f}</UniqueIdentifier>
    </Filter>
    <Filter Include="소스 파일\Core\CoreLogic">
      <UniqueIdentifier>{77ba5754-f763-4337-9e4f-4d0b2f9472f4}</UniqueIdentifier>
    </Filter>
    <Filter Include="소스 파일\Scene\Map">
      <UniqueIdentifier>{6eaa9bfc-966f-476f-85ac-d65c250e7506}</UniqueIdentifier>
    </Filter>
  </ItemGroup>
  <ItemGroup>
    <ClInclude Include="Define.h">
      <Filter>헤더 파일</Filter>
    </ClInclude>
    <ClInclude Include="Agent.h">
      <Filter>헤더 파일</Filter>
    </ClInclude>
    <ClInclude Include="Object.h">
      <Filter>헤더 파일</Filter>
    </ClInclude>
    <ClInclude Include="Player.h">
      <Filter>헤더 파일</Filter>
    </ClInclude>
    <ClInclude Include="console.h">
      <Filter>헤더 파일</Filter>
    </ClInclude>
    <ClInclude Include="GameLogic.h">
      <Filter>헤더 파일</Filter>
    </ClInclude>
    <ClInclude Include="GameScene.h">
      <Filter>헤더 파일</Filter>
    </ClInclude>
    <ClInclude Include="mci.h">
      <Filter>헤더 파일</Filter>
    </ClInclude>
    <ClInclude Include="SceneManager.h">
      <Filter>헤더 파일</Filter>
    </ClInclude>
    <ClInclude Include="TitleScene.h">
      <Filter>헤더 파일</Filter>
    </ClInclude>
    <ClInclude Include="SceneDefine.h">
      <Filter>헤더 파일</Filter>
    </ClInclude>
    <ClInclude Include="Map.h">
      <Filter>헤더 파일</Filter>
    </ClInclude>
    <ClInclude Include="Stat.h">
      <Filter>헤더 파일</Filter>
    </ClInclude>
    <ClInclude Include="TargetObject.h">
      <Filter>헤더 파일</Filter>
    </ClInclude>
    <ClInclude Include="Movement.h">
      <Filter>헤더 파일</Filter>
    </ClInclude>
    <ClInclude Include="DamageableObject.h">
      <Filter>헤더 파일</Filter>
    </ClInclude>
    <ClInclude Include="WindowManager.h">
      <Filter>헤더 파일</Filter>
    </ClInclude>
    <ClInclude Include="UIRenderer.h">
      <Filter>헤더 파일</Filter>
    </ClInclude>
  </ItemGroup>
  <ItemGroup>
    <ClCompile Include="GameLogic.cpp">
      <Filter>소스 파일\Scene</Filter>
    </ClCompile>
    <ClCompile Include="GameScene.cpp">
      <Filter>소스 파일\Scene</Filter>
    </ClCompile>
    <ClCompile Include="SceneManager.cpp">
      <Filter>소스 파일\Scene</Filter>
    </ClCompile>
    <ClCompile Include="TitleScene.cpp">
      <Filter>소스 파일\Scene</Filter>
    </ClCompile>
    <ClCompile Include="Player.cpp">
      <Filter>소스 파일\Scene\Agent</Filter>
    </ClCompile>
    <ClCompile Include="Agent.cpp">
      <Filter>소스 파일\Scene\Agent</Filter>
    </ClCompile>
    <ClCompile Include="Object.cpp">
      <Filter>소스 파일\Scene\Object</Filter>
    </ClCompile>
    <ClCompile Include="Main.cpp">
      <Filter>소스 파일\Core</Filter>
    </ClCompile>
    <ClCompile Include="Define.cpp">
      <Filter>소스 파일\Core</Filter>
    </ClCompile>
    <ClCompile Include="console.cpp">
      <Filter>소스 파일\Core\CoreLogic</Filter>
    </ClCompile>
    <ClCompile Include="mci.cpp">
      <Filter>소스 파일\Core\CoreLogic</Filter>
    </ClCompile>
    <ClCompile Include="Map.cpp">
      <Filter>소스 파일\Scene\Map</Filter>
    </ClCompile>
    <ClCompile Include="SceneDefine.cpp">
      <Filter>소스 파일\Scene</Filter>
    </ClCompile>
    <ClCompile Include="Stat.cpp">
      <Filter>소스 파일\Scene\Agent</Filter>
    </ClCompile>
    <ClCompile Include="TargetObject.cpp">
      <Filter>소스 파일\Scene\Object</Filter>
    </ClCompile>
    <ClCompile Include="Movement.cpp">
      <Filter>소스 파일</Filter>
    </ClCompile>
    <ClCompile Include="DamageableObject.cpp">
      <Filter>소스 파일</Filter>
    </ClCompile>
    <ClCompile Include="WindowManager.cpp">
      <Filter>소스 파일</Filter>
    </ClCompile>
    <ClCompile Include="UIRenderer.cpp">
      <Filter>소스 파일</Filter>
    </ClCompile>
  </ItemGroup>
</Project>